{
  "version": 3,
  "targets": {
    "net7.0-maccatalyst16.1": {
      "CommunityToolkit.Maui/5.0.0": {
        "type": "package",
        "dependencies": {
          "CommunityToolkit.Maui.Core": "5.0.0"
        },
        "compile": {
          "lib/net7.0-maccatalyst16.1/CommunityToolkit.Maui.dll": {
            "related": ".xml"
          }
        },
        "runtime": {
          "lib/net7.0-maccatalyst16.1/CommunityToolkit.Maui.dll": {
            "related": ".xml"
          }
        }
      },
      "CommunityToolkit.Maui.Core/5.0.0": {
        "type": "package",
        "compile": {
          "lib/net7.0-maccatalyst16.1/CommunityToolkit.Maui.Core.dll": {
            "related": ".xml"
          }
        },
        "runtime": {
          "lib/net7.0-maccatalyst16.1/CommunityToolkit.Maui.Core.dll": {
            "related": ".xml"
          }
        }
      },
      "HtmlAgilityPack/1.11.46": {
        "type": "package",
        "compile": {
          "lib/netstandard2.0/HtmlAgilityPack.dll": {
            "related": ".deps.json;.pdb;.xml"
          }
        },
        "runtime": {
          "lib/netstandard2.0/HtmlAgilityPack.dll": {
            "related": ".deps.json;.pdb;.xml"
          }
        }
      },
      "LiteDB/5.0.16": {
        "type": "package",
        "compile": {
          "lib/netstandard2.0/LiteDB.dll": {
            "related": ".xml"
          }
        },
        "runtime": {
          "lib/netstandard2.0/LiteDB.dll": {
            "related": ".xml"
          }
        }
      },
      "Microsoft.Extensions.Configuration/7.0.0": {
        "type": "package",
        "dependencies": {
          "Microsoft.Extensions.Configuration.Abstractions": "7.0.0",
          "Microsoft.Extensions.Primitives": "7.0.0"
        },
        "compile": {
          "lib/net7.0/Microsoft.Extensions.Configuration.dll": {
            "related": ".xml"
          }
        },
        "runtime": {
          "lib/net7.0/Microsoft.Extensions.Configuration.dll": {
            "related": ".xml"
          }
        },
        "build": {
          "buildTransitive/net6.0/_._": {}
        }
      },
      "Microsoft.Extensions.Configuration.Abstractions/7.0.0": {
        "type": "package",
        "dependencies": {
          "Microsoft.Extensions.Primitives": "7.0.0"
        },
        "compile": {
          "lib/net7.0/Microsoft.Extensions.Configuration.Abstractions.dll": {
            "related": ".xml"
          }
        },
        "runtime": {
          "lib/net7.0/Microsoft.Extensions.Configuration.Abstractions.dll": {
            "related": ".xml"
          }
        },
        "build": {
          "buildTransitive/net6.0/_._": {}
        }
      },
      "Microsoft.Extensions.DependencyInjection/7.0.0": {
        "type": "package",
        "dependencies": {
          "Microsoft.Extensions.DependencyInjection.Abstractions": "7.0.0"
        },
        "compile": {
          "lib/net7.0/Microsoft.Extensions.DependencyInjection.dll": {
            "related": ".xml"
          }
        },
        "runtime": {
          "lib/net7.0/Microsoft.Extensions.DependencyInjection.dll": {
            "related": ".xml"
          }
        },
        "build": {
          "buildTransitive/net6.0/_._": {}
        }
      },
      "Microsoft.Extensions.DependencyInjection.Abstractions/7.0.0": {
        "type": "package",
        "compile": {
          "lib/net7.0/Microsoft.Extensions.DependencyInjection.Abstractions.dll": {
            "related": ".xml"
          }
        },
        "runtime": {
          "lib/net7.0/Microsoft.Extensions.DependencyInjection.Abstractions.dll": {
            "related": ".xml"
          }
        },
        "build": {
          "buildTransitive/net6.0/_._": {}
        }
      },
      "Microsoft.Extensions.Logging/7.0.0": {
        "type": "package",
        "dependencies": {
          "Microsoft.Extensions.DependencyInjection": "7.0.0",
          "Microsoft.Extensions.DependencyInjection.Abstractions": "7.0.0",
          "Microsoft.Extensions.Logging.Abstractions": "7.0.0",
          "Microsoft.Extensions.Options": "7.0.0"
        },
        "compile": {
          "lib/net7.0/Microsoft.Extensions.Logging.dll": {
            "related": ".xml"
          }
        },
        "runtime": {
          "lib/net7.0/Microsoft.Extensions.Logging.dll": {
            "related": ".xml"
          }
        },
        "build": {
          "buildTransitive/net6.0/_._": {}
        }
      },
      "Microsoft.Extensions.Logging.Abstractions/7.0.0": {
        "type": "package",
        "compile": {
          "lib/net7.0/Microsoft.Extensions.Logging.Abstractions.dll": {
            "related": ".xml"
          }
        },
        "runtime": {
          "lib/net7.0/Microsoft.Extensions.Logging.Abstractions.dll": {
            "related": ".xml"
          }
        },
        "build": {
          "buildTransitive/net6.0/Microsoft.Extensions.Logging.Abstractions.targets": {}
        }
      },
      "Microsoft.Extensions.Logging.Debug/7.0.0": {
        "type": "package",
        "dependencies": {
          "Microsoft.Extensions.DependencyInjection.Abstractions": "7.0.0",
          "Microsoft.Extensions.Logging": "7.0.0",
          "Microsoft.Extensions.Logging.Abstractions": "7.0.0"
        },
        "compile": {
          "lib/net7.0/Microsoft.Extensions.Logging.Debug.dll": {
            "related": ".xml"
          }
        },
        "runtime": {
          "lib/net7.0/Microsoft.Extensions.Logging.Debug.dll": {
            "related": ".xml"
          }
        },
        "build": {
          "buildTransitive/net6.0/_._": {}
        }
      },
      "Microsoft.Extensions.Options/7.0.0": {
        "type": "package",
        "dependencies": {
          "Microsoft.Extensions.DependencyInjection.Abstractions": "7.0.0",
          "Microsoft.Extensions.Primitives": "7.0.0"
        },
        "compile": {
          "lib/net7.0/Microsoft.Extensions.Options.dll": {
            "related": ".xml"
          }
        },
        "runtime": {
          "lib/net7.0/Microsoft.Extensions.Options.dll": {
            "related": ".xml"
          }
        },
        "build": {
          "buildTransitive/net6.0/_._": {}
        }
      },
      "Microsoft.Extensions.Primitives/7.0.0": {
        "type": "package",
        "compile": {
          "lib/net7.0/Microsoft.Extensions.Primitives.dll": {
            "related": ".xml"
          }
        },
        "runtime": {
          "lib/net7.0/Microsoft.Extensions.Primitives.dll": {
            "related": ".xml"
          }
        },
        "build": {
          "buildTransitive/net6.0/_._": {}
        }
      },
      "Microsoft.Maui.Graphics/7.0.59": {
        "type": "package",
        "compile": {
          "lib/net7.0-maccatalyst16.1/Microsoft.Maui.Graphics.dll": {
            "related": ".pdb;.xml"
          }
        },
        "runtime": {
          "lib/net7.0-maccatalyst16.1/Microsoft.Maui.Graphics.dll": {
            "related": ".pdb;.xml"
          }
        }
      },
      "MimeTypes/2.4.1": {
        "type": "package",
        "contentFiles": {
          "contentFiles/cs/netcoreapp3.0/MimeTypes.cs.pp": {
            "buildAction": "Compile",
            "codeLanguage": "cs",
            "copyToOutput": false,
            "ppOutputPath": "MimeTypes.cs"
          }
        }
      },
      "Opal/1.3.0": {
        "type": "package",
        "compile": {
          "lib/net7.0/Opal.dll": {}
        },
        "runtime": {
          "lib/net7.0/Opal.dll": {}
        }
      }
    },
    "net7.0-maccatalyst16.1/maccatalyst-x64": {
      "CommunityToolkit.Maui/5.0.0": {
        "type": "package",
        "dependencies": {
          "CommunityToolkit.Maui.Core": "5.0.0"
        },
        "compile": {
          "lib/net7.0-maccatalyst16.1/CommunityToolkit.Maui.dll": {
            "related": ".xml"
          }
        },
        "runtime": {
          "lib/net7.0-maccatalyst16.1/CommunityToolkit.Maui.dll": {
            "related": ".xml"
          }
        }
      },
      "CommunityToolkit.Maui.Core/5.0.0": {
        "type": "package",
        "compile": {
          "lib/net7.0-maccatalyst16.1/CommunityToolkit.Maui.Core.dll": {
            "related": ".xml"
          }
        },
        "runtime": {
          "lib/net7.0-maccatalyst16.1/CommunityToolkit.Maui.Core.dll": {
            "related": ".xml"
          }
        }
      },
      "HtmlAgilityPack/1.11.46": {
        "type": "package",
        "compile": {
          "lib/netstandard2.0/HtmlAgilityPack.dll": {
            "related": ".deps.json;.pdb;.xml"
          }
        },
        "runtime": {
          "lib/netstandard2.0/HtmlAgilityPack.dll": {
            "related": ".deps.json;.pdb;.xml"
          }
        }
      },
      "LiteDB/5.0.16": {
        "type": "package",
        "compile": {
          "lib/netstandard2.0/LiteDB.dll": {
            "related": ".xml"
          }
        },
        "runtime": {
          "lib/netstandard2.0/LiteDB.dll": {
            "related": ".xml"
          }
        }
      },
      "Microsoft.Extensions.Configuration/7.0.0": {
        "type": "package",
        "dependencies": {
          "Microsoft.Extensions.Configuration.Abstractions": "7.0.0",
          "Microsoft.Extensions.Primitives": "7.0.0"
        },
        "compile": {
          "lib/net7.0/Microsoft.Extensions.Configuration.dll": {
            "related": ".xml"
          }
        },
        "runtime": {
          "lib/net7.0/Microsoft.Extensions.Configuration.dll": {
            "related": ".xml"
          }
        },
        "build": {
          "buildTransitive/net6.0/_._": {}
        }
      },
      "Microsoft.Extensions.Configuration.Abstractions/7.0.0": {
        "type": "package",
        "dependencies": {
          "Microsoft.Extensions.Primitives": "7.0.0"
        },
        "compile": {
          "lib/net7.0/Microsoft.Extensions.Configuration.Abstractions.dll": {
            "related": ".xml"
          }
        },
        "runtime": {
          "lib/net7.0/Microsoft.Extensions.Configuration.Abstractions.dll": {
            "related": ".xml"
          }
        },
        "build": {
          "buildTransitive/net6.0/_._": {}
        }
      },
      "Microsoft.Extensions.DependencyInjection/7.0.0": {
        "type": "package",
        "dependencies": {
          "Microsoft.Extensions.DependencyInjection.Abstractions": "7.0.0"
        },
        "compile": {
          "lib/net7.0/Microsoft.Extensions.DependencyInjection.dll": {
            "related": ".xml"
          }
        },
        "runtime": {
          "lib/net7.0/Microsoft.Extensions.DependencyInjection.dll": {
            "related": ".xml"
          }
        },
        "build": {
          "buildTransitive/net6.0/_._": {}
        }
      },
      "Microsoft.Extensions.DependencyInjection.Abstractions/7.0.0": {
        "type": "package",
        "compile": {
          "lib/net7.0/Microsoft.Extensions.DependencyInjection.Abstractions.dll": {
            "related": ".xml"
          }
        },
        "runtime": {
          "lib/net7.0/Microsoft.Extensions.DependencyInjection.Abstractions.dll": {
            "related": ".xml"
          }
        },
        "build": {
          "buildTransitive/net6.0/_._": {}
        }
      },
      "Microsoft.Extensions.Logging/7.0.0": {
        "type": "package",
        "dependencies": {
          "Microsoft.Extensions.DependencyInjection": "7.0.0",
          "Microsoft.Extensions.DependencyInjection.Abstractions": "7.0.0",
          "Microsoft.Extensions.Logging.Abstractions": "7.0.0",
          "Microsoft.Extensions.Options": "7.0.0"
        },
        "compile": {
          "lib/net7.0/Microsoft.Extensions.Logging.dll": {
            "related": ".xml"
          }
        },
        "runtime": {
          "lib/net7.0/Microsoft.Extensions.Logging.dll": {
            "related": ".xml"
          }
        },
        "build": {
          "buildTransitive/net6.0/_._": {}
        }
      },
      "Microsoft.Extensions.Logging.Abstractions/7.0.0": {
        "type": "package",
        "compile": {
          "lib/net7.0/Microsoft.Extensions.Logging.Abstractions.dll": {
            "related": ".xml"
          }
        },
        "runtime": {
          "lib/net7.0/Microsoft.Extensions.Logging.Abstractions.dll": {
            "related": ".xml"
          }
        },
        "build": {
          "buildTransitive/net6.0/Microsoft.Extensions.Logging.Abstractions.targets": {}
        }
      },
      "Microsoft.Extensions.Logging.Debug/7.0.0": {
        "type": "package",
        "dependencies": {
          "Microsoft.Extensions.DependencyInjection.Abstractions": "7.0.0",
          "Microsoft.Extensions.Logging": "7.0.0",
          "Microsoft.Extensions.Logging.Abstractions": "7.0.0"
        },
        "compile": {
          "lib/net7.0/Microsoft.Extensions.Logging.Debug.dll": {
            "related": ".xml"
          }
        },
        "runtime": {
          "lib/net7.0/Microsoft.Extensions.Logging.Debug.dll": {
            "related": ".xml"
          }
        },
        "build": {
          "buildTransitive/net6.0/_._": {}
        }
      },
      "Microsoft.Extensions.Options/7.0.0": {
        "type": "package",
        "dependencies": {
          "Microsoft.Extensions.DependencyInjection.Abstractions": "7.0.0",
          "Microsoft.Extensions.Primitives": "7.0.0"
        },
        "compile": {
          "lib/net7.0/Microsoft.Extensions.Options.dll": {
            "related": ".xml"
          }
        },
        "runtime": {
          "lib/net7.0/Microsoft.Extensions.Options.dll": {
            "related": ".xml"
          }
        },
        "build": {
          "buildTransitive/net6.0/_._": {}
        }
      },
      "Microsoft.Extensions.Primitives/7.0.0": {
        "type": "package",
        "compile": {
          "lib/net7.0/Microsoft.Extensions.Primitives.dll": {
            "related": ".xml"
          }
        },
        "runtime": {
          "lib/net7.0/Microsoft.Extensions.Primitives.dll": {
            "related": ".xml"
          }
        },
        "build": {
          "buildTransitive/net6.0/_._": {}
        }
      },
      "Microsoft.Maui.Graphics/7.0.59": {
        "type": "package",
        "compile": {
          "lib/net7.0-maccatalyst16.1/Microsoft.Maui.Graphics.dll": {
            "related": ".pdb;.xml"
          }
        },
        "runtime": {
          "lib/net7.0-maccatalyst16.1/Microsoft.Maui.Graphics.dll": {
            "related": ".pdb;.xml"
          }
        }
      },
      "MimeTypes/2.4.1": {
        "type": "package",
        "contentFiles": {
          "contentFiles/cs/netcoreapp3.0/MimeTypes.cs.pp": {
            "buildAction": "Compile",
            "codeLanguage": "cs",
            "copyToOutput": false,
            "ppOutputPath": "MimeTypes.cs"
          }
        }
      },
      "Opal/1.3.0": {
        "type": "package",
        "compile": {
          "lib/net7.0/Opal.dll": {}
        },
        "runtime": {
          "lib/net7.0/Opal.dll": {}
        }
      }
    }
  },
  "libraries": {
    "CommunityToolkit.Maui/5.0.0": {
      "sha512": "iIEnYmQxFPH650rtcUlVrFy1/gLuvDLqvLVcnMCzWTJAFCSkNDspPY8EmGGN37FOqBSzQ7OttReyAZiroAjVdA==",
      "type": "package",
      "path": "communitytoolkit.maui/5.0.0",
      "files": [
        ".nupkg.metadata",
        ".signature.p7s",
        "ReadMe.txt",
        "analyzers/dotnet/cs/CommunityToolkit.Maui.Analyzers.CodeFixes.dll",
        "analyzers/dotnet/cs/CommunityToolkit.Maui.Analyzers.dll",
        "analyzers/dotnet/cs/CommunityToolkit.Maui.SourceGenerators.dll",
        "communitytoolkit.maui.5.0.0.nupkg.sha512",
        "communitytoolkit.maui.nuspec",
        "icon.png",
        "lib/net7.0-android33.0/CommunityToolkit.Maui.aar",
        "lib/net7.0-android33.0/CommunityToolkit.Maui.dll",
        "lib/net7.0-android33.0/CommunityToolkit.Maui.xml",
        "lib/net7.0-ios16.1/CommunityToolkit.Maui.dll",
        "lib/net7.0-ios16.1/CommunityToolkit.Maui.xml",
        "lib/net7.0-maccatalyst16.1/CommunityToolkit.Maui.dll",
        "lib/net7.0-maccatalyst16.1/CommunityToolkit.Maui.xml",
        "lib/net7.0-tizen7.0/CommunityToolkit.Maui.dll",
        "lib/net7.0-tizen7.0/CommunityToolkit.Maui.xml",
        "lib/net7.0-windows10.0.19041/CommunityToolkit.Maui.dll",
        "lib/net7.0-windows10.0.19041/CommunityToolkit.Maui.xml",
        "lib/net7.0/CommunityToolkit.Maui.dll",
        "lib/net7.0/CommunityToolkit.Maui.xml"
      ]
    },
    "CommunityToolkit.Maui.Core/5.0.0": {
      "sha512": "gZp9b++c8fR1QRVsizrQRCeKxVh+RmC9+2IsPC+qpm/nQNHSyWq6PoIp555cb05zQ/AUyM7OTYnzA1BU1JNl4Q==",
      "type": "package",
      "path": "communitytoolkit.maui.core/5.0.0",
      "files": [
        ".nupkg.metadata",
        ".signature.p7s",
        "ReadMe.txt",
        "communitytoolkit.maui.core.5.0.0.nupkg.sha512",
        "communitytoolkit.maui.core.nuspec",
        "icon.png",
        "lib/net7.0-android33.0/CommunityToolkit.Maui.Core.aar",
        "lib/net7.0-android33.0/CommunityToolkit.Maui.Core.dll",
        "lib/net7.0-android33.0/CommunityToolkit.Maui.Core.xml",
        "lib/net7.0-ios16.1/CommunityToolkit.Maui.Core.dll",
        "lib/net7.0-ios16.1/CommunityToolkit.Maui.Core.xml",
        "lib/net7.0-maccatalyst16.1/CommunityToolkit.Maui.Core.dll",
        "lib/net7.0-maccatalyst16.1/CommunityToolkit.Maui.Core.xml",
        "lib/net7.0-tizen7.0/CommunityToolkit.Maui.Core.dll",
        "lib/net7.0-tizen7.0/CommunityToolkit.Maui.Core.xml",
        "lib/net7.0-windows10.0.19041/CommunityToolkit.Maui.Core.dll",
        "lib/net7.0-windows10.0.19041/CommunityToolkit.Maui.Core.xml",
        "lib/net7.0/CommunityToolkit.Maui.Core.dll",
        "lib/net7.0/CommunityToolkit.Maui.Core.xml"
      ]
    },
    "HtmlAgilityPack/1.11.46": {
      "sha512": "dLMn4EVfJBHWmWK4Uh0XGD76FPLHI0qr2Tm0s1m/xmgiHb1JUb9zB8AzO8HtrkBBlMN6JfCUBYddhqC0hZNR+g==",
      "type": "package",
      "path": "htmlagilitypack/1.11.46",
      "files": [
        ".nupkg.metadata",
        ".signature.p7s",
        "htmlagilitypack.1.11.46.nupkg.sha512",
        "htmlagilitypack.nuspec",
        "lib/Net35/HtmlAgilityPack.dll",
        "lib/Net35/HtmlAgilityPack.pdb",
        "lib/Net35/HtmlAgilityPack.xml",
        "lib/Net40-client/HtmlAgilityPack.dll",
        "lib/Net40-client/HtmlAgilityPack.pdb",
        "lib/Net40-client/HtmlAgilityPack.xml",
        "lib/Net40/HtmlAgilityPack.XML",
        "lib/Net40/HtmlAgilityPack.dll",
        "lib/Net40/HtmlAgilityPack.pdb",
        "lib/Net45/HtmlAgilityPack.XML",
        "lib/Net45/HtmlAgilityPack.dll",
        "lib/Net45/HtmlAgilityPack.pdb",
        "lib/NetCore45/HtmlAgilityPack.XML",
        "lib/NetCore45/HtmlAgilityPack.dll",
        "lib/NetCore45/HtmlAgilityPack.pdb",
        "lib/netstandard1.3/HtmlAgilityPack.deps.json",
        "lib/netstandard1.3/HtmlAgilityPack.dll",
        "lib/netstandard1.3/HtmlAgilityPack.pdb",
        "lib/netstandard1.3/HtmlAgilityPack.xml",
        "lib/netstandard1.6/HtmlAgilityPack.deps.json",
        "lib/netstandard1.6/HtmlAgilityPack.dll",
        "lib/netstandard1.6/HtmlAgilityPack.pdb",
        "lib/netstandard1.6/HtmlAgilityPack.xml",
        "lib/netstandard2.0/HtmlAgilityPack.deps.json",
        "lib/netstandard2.0/HtmlAgilityPack.dll",
        "lib/netstandard2.0/HtmlAgilityPack.pdb",
        "lib/netstandard2.0/HtmlAgilityPack.xml",
        "lib/portable-net45+netcore45+wp8+MonoAndroid+MonoTouch/HtmlAgilityPack.XML",
        "lib/portable-net45+netcore45+wp8+MonoAndroid+MonoTouch/HtmlAgilityPack.dll",
        "lib/portable-net45+netcore45+wp8+MonoAndroid+MonoTouch/HtmlAgilityPack.pdb",
        "lib/portable-net45+netcore45+wpa81+wp8+MonoAndroid+MonoTouch/HtmlAgilityPack.XML",
        "lib/portable-net45+netcore45+wpa81+wp8+MonoAndroid+MonoTouch/HtmlAgilityPack.dll",
        "lib/portable-net45+netcore45+wpa81+wp8+MonoAndroid+MonoTouch/HtmlAgilityPack.pdb",
        "lib/uap10.0/HtmlAgilityPack.XML",
        "lib/uap10.0/HtmlAgilityPack.dll",
        "lib/uap10.0/HtmlAgilityPack.pdb",
        "lib/uap10.0/HtmlAgilityPack.pri"
      ]
    },
    "LiteDB/5.0.16": {
      "sha512": "DMUYdRlgNbrSlyWzdQ4GqW934ntNHBGWMTNQlOL4hWz8WnveY6V9ZGo2ntPrSATW7kat8v5VoCXGSzToPiwZWw==",
      "type": "package",
      "path": "litedb/5.0.16",
      "files": [
        ".nupkg.metadata",
        ".signature.p7s",
        "LICENSE",
        "icon_64x64.png",
        "lib/net45/LiteDB.dll",
        "lib/net45/LiteDB.xml",
        "lib/netstandard1.3/LiteDB.dll",
        "lib/netstandard1.3/LiteDB.xml",
        "lib/netstandard2.0/LiteDB.dll",
        "lib/netstandard2.0/LiteDB.xml",
        "litedb.5.0.16.nupkg.sha512",
        "litedb.nuspec"
      ]
    },
    "Microsoft.Extensions.Configuration/7.0.0": {
      "sha512": "tldQUBWt/xeH2K7/hMPPo5g8zuLc3Ro9I5d4o/XrxvxOCA2EZBtW7bCHHTc49fcBtvB8tLAb/Qsmfrq+2SJ4vA==",
      "type": "package",
      "path": "microsoft.extensions.configuration/7.0.0",
      "files": [
        ".nupkg.metadata",
        ".signature.p7s",
        "Icon.png",
        "LICENSE.TXT",
        "THIRD-PARTY-NOTICES.TXT",
        "buildTransitive/net461/Microsoft.Extensions.Configuration.targets",
        "buildTransitive/net462/_._",
        "buildTransitive/net6.0/_._",
        "buildTransitive/netcoreapp2.0/Microsoft.Extensions.Configuration.targets",
        "lib/net462/Microsoft.Extensions.Configuration.dll",
        "lib/net462/Microsoft.Extensions.Configuration.xml",
        "lib/net6.0/Microsoft.Extensions.Configuration.dll",
        "lib/net6.0/Microsoft.Extensions.Configuration.xml",
        "lib/net7.0/Microsoft.Extensions.Configuration.dll",
        "lib/net7.0/Microsoft.Extensions.Configuration.xml",
        "lib/netstandard2.0/Microsoft.Extensions.Configuration.dll",
        "lib/netstandard2.0/Microsoft.Extensions.Configuration.xml",
        "microsoft.extensions.configuration.7.0.0.nupkg.sha512",
        "microsoft.extensions.configuration.nuspec",
        "useSharedDesignerContext.txt"
      ]
    },
    "Microsoft.Extensions.Configuration.Abstractions/7.0.0": {
      "sha512": "f34u2eaqIjNO9YLHBz8rozVZ+TcFiFs0F3r7nUJd7FRkVSxk8u4OpoK226mi49MwexHOR2ibP9MFvRUaLilcQQ==",
      "type": "package",
      "path": "microsoft.extensions.configuration.abstractions/7.0.0",
      "files": [
        ".nupkg.metadata",
        ".signature.p7s",
        "Icon.png",
        "LICENSE.TXT",
        "THIRD-PARTY-NOTICES.TXT",
        "buildTransitive/net461/Microsoft.Extensions.Configuration.Abstractions.targets",
        "buildTransitive/net462/_._",
        "buildTransitive/net6.0/_._",
        "buildTransitive/netcoreapp2.0/Microsoft.Extensions.Configuration.Abstractions.targets",
        "lib/net462/Microsoft.Extensions.Configuration.Abstractions.dll",
        "lib/net462/Microsoft.Extensions.Configuration.Abstractions.xml",
        "lib/net6.0/Microsoft.Extensions.Configuration.Abstractions.dll",
        "lib/net6.0/Microsoft.Extensions.Configuration.Abstractions.xml",
        "lib/net7.0/Microsoft.Extensions.Configuration.Abstractions.dll",
        "lib/net7.0/Microsoft.Extensions.Configuration.Abstractions.xml",
        "lib/netstandard2.0/Microsoft.Extensions.Configuration.Abstractions.dll",
        "lib/netstandard2.0/Microsoft.Extensions.Configuration.Abstractions.xml",
        "microsoft.extensions.configuration.abstractions.7.0.0.nupkg.sha512",
        "microsoft.extensions.configuration.abstractions.nuspec",
        "useSharedDesignerContext.txt"
      ]
    },
    "Microsoft.Extensions.DependencyInjection/7.0.0": {
      "sha512": "elNeOmkeX3eDVG6pYVeV82p29hr+UKDaBhrZyWvWLw/EVZSYEkZlQdkp0V39k/Xehs2Qa0mvoCvkVj3eQxNQ1Q==",
      "type": "package",
      "path": "microsoft.extensions.dependencyinjection/7.0.0",
      "files": [
        ".nupkg.metadata",
        ".signature.p7s",
        "Icon.png",
        "LICENSE.TXT",
        "THIRD-PARTY-NOTICES.TXT",
        "buildTransitive/net461/Microsoft.Extensions.DependencyInjection.targets",
        "buildTransitive/net462/_._",
        "buildTransitive/net6.0/_._",
        "buildTransitive/netcoreapp2.0/Microsoft.Extensions.DependencyInjection.targets",
        "lib/net462/Microsoft.Extensions.DependencyInjection.dll",
        "lib/net462/Microsoft.Extensions.DependencyInjection.xml",
        "lib/net6.0/Microsoft.Extensions.DependencyInjection.dll",
        "lib/net6.0/Microsoft.Extensions.DependencyInjection.xml",
        "lib/net7.0/Microsoft.Extensions.DependencyInjection.dll",
        "lib/net7.0/Microsoft.Extensions.DependencyInjection.xml",
        "lib/netstandard2.0/Microsoft.Extensions.DependencyInjection.dll",
        "lib/netstandard2.0/Microsoft.Extensions.DependencyInjection.xml",
        "lib/netstandard2.1/Microsoft.Extensions.DependencyInjection.dll",
        "lib/netstandard2.1/Microsoft.Extensions.DependencyInjection.xml",
        "microsoft.extensions.dependencyinjection.7.0.0.nupkg.sha512",
        "microsoft.extensions.dependencyinjection.nuspec",
        "useSharedDesignerContext.txt"
      ]
    },
    "Microsoft.Extensions.DependencyInjection.Abstractions/7.0.0": {
      "sha512": "h3j/QfmFN4S0w4C2A6X7arXij/M/OVw3uQHSOFxnND4DyAzO1F9eMX7Eti7lU/OkSthEE0WzRsfT/Dmx86jzCw==",
      "type": "package",
      "path": "microsoft.extensions.dependencyinjection.abstractions/7.0.0",
      "files": [
        ".nupkg.metadata",
        ".signature.p7s",
        "Icon.png",
        "LICENSE.TXT",
        "THIRD-PARTY-NOTICES.TXT",
        "buildTransitive/net461/Microsoft.Extensions.DependencyInjection.Abstractions.targets",
        "buildTransitive/net462/_._",
        "buildTransitive/net6.0/_._",
        "buildTransitive/netcoreapp2.0/Microsoft.Extensions.DependencyInjection.Abstractions.targets",
        "lib/net462/Microsoft.Extensions.DependencyInjection.Abstractions.dll",
        "lib/net462/Microsoft.Extensions.DependencyInjection.Abstractions.xml",
        "lib/net6.0/Microsoft.Extensions.DependencyInjection.Abstractions.dll",
        "lib/net6.0/Microsoft.Extensions.DependencyInjection.Abstractions.xml",
        "lib/net7.0/Microsoft.Extensions.DependencyInjection.Abstractions.dll",
        "lib/net7.0/Microsoft.Extensions.DependencyInjection.Abstractions.xml",
        "lib/netstandard2.0/Microsoft.Extensions.DependencyInjection.Abstractions.dll",
        "lib/netstandard2.0/Microsoft.Extensions.DependencyInjection.Abstractions.xml",
        "lib/netstandard2.1/Microsoft.Extensions.DependencyInjection.Abstractions.dll",
        "lib/netstandard2.1/Microsoft.Extensions.DependencyInjection.Abstractions.xml",
        "microsoft.extensions.dependencyinjection.abstractions.7.0.0.nupkg.sha512",
        "microsoft.extensions.dependencyinjection.abstractions.nuspec",
        "useSharedDesignerContext.txt"
      ]
    },
    "Microsoft.Extensions.Logging/7.0.0": {
      "sha512": "Nw2muoNrOG5U5qa2ZekXwudUn2BJcD41e65zwmDHb1fQegTX66UokLWZkJRpqSSHXDOWZ5V0iqhbxOEky91atA==",
      "type": "package",
      "path": "microsoft.extensions.logging/7.0.0",
      "files": [
        ".nupkg.metadata",
        ".signature.p7s",
        "Icon.png",
        "LICENSE.TXT",
        "THIRD-PARTY-NOTICES.TXT",
        "buildTransitive/net461/Microsoft.Extensions.Logging.targets",
        "buildTransitive/net462/_._",
        "buildTransitive/net6.0/_._",
        "buildTransitive/netcoreapp2.0/Microsoft.Extensions.Logging.targets",
        "lib/net462/Microsoft.Extensions.Logging.dll",
        "lib/net462/Microsoft.Extensions.Logging.xml",
        "lib/net6.0/Microsoft.Extensions.Logging.dll",
        "lib/net6.0/Microsoft.Extensions.Logging.xml",
        "lib/net7.0/Microsoft.Extensions.Logging.dll",
        "lib/net7.0/Microsoft.Extensions.Logging.xml",
        "lib/netstandard2.0/Microsoft.Extensions.Logging.dll",
        "lib/netstandard2.0/Microsoft.Extensions.Logging.xml",
        "lib/netstandard2.1/Microsoft.Extensions.Logging.dll",
        "lib/netstandard2.1/Microsoft.Extensions.Logging.xml",
        "microsoft.extensions.logging.7.0.0.nupkg.sha512",
        "microsoft.extensions.logging.nuspec",
        "useSharedDesignerContext.txt"
      ]
    },
    "Microsoft.Extensions.Logging.Abstractions/7.0.0": {
      "sha512": "kmn78+LPVMOWeITUjIlfxUPDsI0R6G0RkeAMBmQxAJ7vBJn4q2dTva7pWi65ceN5vPGjJ9q/Uae2WKgvfktJAw==",
      "type": "package",
      "path": "microsoft.extensions.logging.abstractions/7.0.0",
      "files": [
        ".nupkg.metadata",
        ".signature.p7s",
        "Icon.png",
        "LICENSE.TXT",
        "THIRD-PARTY-NOTICES.TXT",
        "analyzers/dotnet/roslyn3.11/cs/Microsoft.Extensions.Logging.Generators.dll",
        "analyzers/dotnet/roslyn3.11/cs/cs/Microsoft.Extensions.Logging.Generators.resources.dll",
        "analyzers/dotnet/roslyn3.11/cs/de/Microsoft.Extensions.Logging.Generators.resources.dll",
        "analyzers/dotnet/roslyn3.11/cs/es/Microsoft.Extensions.Logging.Generators.resources.dll",
        "analyzers/dotnet/roslyn3.11/cs/fr/Microsoft.Extensions.Logging.Generators.resources.dll",
        "analyzers/dotnet/roslyn3.11/cs/it/Microsoft.Extensions.Logging.Generators.resources.dll",
        "analyzers/dotnet/roslyn3.11/cs/ja/Microsoft.Extensions.Logging.Generators.resources.dll",
        "analyzers/dotnet/roslyn3.11/cs/ko/Microsoft.Extensions.Logging.Generators.resources.dll",
        "analyzers/dotnet/roslyn3.11/cs/pl/Microsoft.Extensions.Logging.Generators.resources.dll",
        "analyzers/dotnet/roslyn3.11/cs/pt-BR/Microsoft.Extensions.Logging.Generators.resources.dll",
        "analyzers/dotnet/roslyn3.11/cs/ru/Microsoft.Extensions.Logging.Generators.resources.dll",
        "analyzers/dotnet/roslyn3.11/cs/tr/Microsoft.Extensions.Logging.Generators.resources.dll",
        "analyzers/dotnet/roslyn3.11/cs/zh-Hans/Microsoft.Extensions.Logging.Generators.resources.dll",
        "analyzers/dotnet/roslyn3.11/cs/zh-Hant/Microsoft.Extensions.Logging.Generators.resources.dll",
        "analyzers/dotnet/roslyn4.0/cs/Microsoft.Extensions.Logging.Generators.dll",
        "analyzers/dotnet/roslyn4.0/cs/cs/Microsoft.Extensions.Logging.Generators.resources.dll",
        "analyzers/dotnet/roslyn4.0/cs/de/Microsoft.Extensions.Logging.Generators.resources.dll",
        "analyzers/dotnet/roslyn4.0/cs/es/Microsoft.Extensions.Logging.Generators.resources.dll",
        "analyzers/dotnet/roslyn4.0/cs/fr/Microsoft.Extensions.Logging.Generators.resources.dll",
        "analyzers/dotnet/roslyn4.0/cs/it/Microsoft.Extensions.Logging.Generators.resources.dll",
        "analyzers/dotnet/roslyn4.0/cs/ja/Microsoft.Extensions.Logging.Generators.resources.dll",
        "analyzers/dotnet/roslyn4.0/cs/ko/Microsoft.Extensions.Logging.Generators.resources.dll",
        "analyzers/dotnet/roslyn4.0/cs/pl/Microsoft.Extensions.Logging.Generators.resources.dll",
        "analyzers/dotnet/roslyn4.0/cs/pt-BR/Microsoft.Extensions.Logging.Generators.resources.dll",
        "analyzers/dotnet/roslyn4.0/cs/ru/Microsoft.Extensions.Logging.Generators.resources.dll",
        "analyzers/dotnet/roslyn4.0/cs/tr/Microsoft.Extensions.Logging.Generators.resources.dll",
        "analyzers/dotnet/roslyn4.0/cs/zh-Hans/Microsoft.Extensions.Logging.Generators.resources.dll",
        "analyzers/dotnet/roslyn4.0/cs/zh-Hant/Microsoft.Extensions.Logging.Generators.resources.dll",
        "analyzers/dotnet/roslyn4.4/cs/Microsoft.Extensions.Logging.Generators.dll",
        "analyzers/dotnet/roslyn4.4/cs/cs/Microsoft.Extensions.Logging.Generators.resources.dll",
        "analyzers/dotnet/roslyn4.4/cs/de/Microsoft.Extensions.Logging.Generators.resources.dll",
        "analyzers/dotnet/roslyn4.4/cs/es/Microsoft.Extensions.Logging.Generators.resources.dll",
        "analyzers/dotnet/roslyn4.4/cs/fr/Microsoft.Extensions.Logging.Generators.resources.dll",
        "analyzers/dotnet/roslyn4.4/cs/it/Microsoft.Extensions.Logging.Generators.resources.dll",
        "analyzers/dotnet/roslyn4.4/cs/ja/Microsoft.Extensions.Logging.Generators.resources.dll",
        "analyzers/dotnet/roslyn4.4/cs/ko/Microsoft.Extensions.Logging.Generators.resources.dll",
        "analyzers/dotnet/roslyn4.4/cs/pl/Microsoft.Extensions.Logging.Generators.resources.dll",
        "analyzers/dotnet/roslyn4.4/cs/pt-BR/Microsoft.Extensions.Logging.Generators.resources.dll",
        "analyzers/dotnet/roslyn4.4/cs/ru/Microsoft.Extensions.Logging.Generators.resources.dll",
        "analyzers/dotnet/roslyn4.4/cs/tr/Microsoft.Extensions.Logging.Generators.resources.dll",
        "analyzers/dotnet/roslyn4.4/cs/zh-Hans/Microsoft.Extensions.Logging.Generators.resources.dll",
        "analyzers/dotnet/roslyn4.4/cs/zh-Hant/Microsoft.Extensions.Logging.Generators.resources.dll",
        "buildTransitive/net461/Microsoft.Extensions.Logging.Abstractions.targets",
        "buildTransitive/net462/Microsoft.Extensions.Logging.Abstractions.targets",
        "buildTransitive/net6.0/Microsoft.Extensions.Logging.Abstractions.targets",
        "buildTransitive/netcoreapp2.0/Microsoft.Extensions.Logging.Abstractions.targets",
        "buildTransitive/netstandard2.0/Microsoft.Extensions.Logging.Abstractions.targets",
        "lib/net462/Microsoft.Extensions.Logging.Abstractions.dll",
        "lib/net462/Microsoft.Extensions.Logging.Abstractions.xml",
        "lib/net6.0/Microsoft.Extensions.Logging.Abstractions.dll",
        "lib/net6.0/Microsoft.Extensions.Logging.Abstractions.xml",
        "lib/net7.0/Microsoft.Extensions.Logging.Abstractions.dll",
        "lib/net7.0/Microsoft.Extensions.Logging.Abstractions.xml",
        "lib/netstandard2.0/Microsoft.Extensions.Logging.Abstractions.dll",
        "lib/netstandard2.0/Microsoft.Extensions.Logging.Abstractions.xml",
        "microsoft.extensions.logging.abstractions.7.0.0.nupkg.sha512",
        "microsoft.extensions.logging.abstractions.nuspec",
        "useSharedDesignerContext.txt"
      ]
    },
    "Microsoft.Extensions.Logging.Debug/7.0.0": {
      "sha512": "tFGGyPDpJ8ZdQdeckCArP7nZuoY3am9zJWuvp4OD1bHq65S0epW9BNHzAWeaIO4eYwWnGm1jRNt3vRciH8H6MA==",
      "type": "package",
      "path": "microsoft.extensions.logging.debug/7.0.0",
      "files": [
        ".nupkg.metadata",
        ".signature.p7s",
        "Icon.png",
        "LICENSE.TXT",
        "THIRD-PARTY-NOTICES.TXT",
        "buildTransitive/net461/Microsoft.Extensions.Logging.Debug.targets",
        "buildTransitive/net462/_._",
        "buildTransitive/net6.0/_._",
        "buildTransitive/netcoreapp2.0/Microsoft.Extensions.Logging.Debug.targets",
        "lib/net462/Microsoft.Extensions.Logging.Debug.dll",
        "lib/net462/Microsoft.Extensions.Logging.Debug.xml",
        "lib/net6.0/Microsoft.Extensions.Logging.Debug.dll",
        "lib/net6.0/Microsoft.Extensions.Logging.Debug.xml",
        "lib/net7.0/Microsoft.Extensions.Logging.Debug.dll",
        "lib/net7.0/Microsoft.Extensions.Logging.Debug.xml",
        "lib/netstandard2.0/Microsoft.Extensions.Logging.Debug.dll",
        "lib/netstandard2.0/Microsoft.Extensions.Logging.Debug.xml",
        "microsoft.extensions.logging.debug.7.0.0.nupkg.sha512",
        "microsoft.extensions.logging.debug.nuspec",
        "useSharedDesignerContext.txt"
      ]
    },
    "Microsoft.Extensions.Options/7.0.0": {
      "sha512": "lP1yBnTTU42cKpMozuafbvNtQ7QcBjr/CcK3bYOGEMH55Fjt+iecXjT6chR7vbgCMqy3PG3aNQSZgo/EuY/9qQ==",
      "type": "package",
      "path": "microsoft.extensions.options/7.0.0",
      "files": [
        ".nupkg.metadata",
        ".signature.p7s",
        "Icon.png",
        "LICENSE.TXT",
        "THIRD-PARTY-NOTICES.TXT",
        "buildTransitive/net461/Microsoft.Extensions.Options.targets",
        "buildTransitive/net462/_._",
        "buildTransitive/net6.0/_._",
        "buildTransitive/netcoreapp2.0/Microsoft.Extensions.Options.targets",
        "lib/net462/Microsoft.Extensions.Options.dll",
        "lib/net462/Microsoft.Extensions.Options.xml",
        "lib/net6.0/Microsoft.Extensions.Options.dll",
        "lib/net6.0/Microsoft.Extensions.Options.xml",
        "lib/net7.0/Microsoft.Extensions.Options.dll",
        "lib/net7.0/Microsoft.Extensions.Options.xml",
        "lib/netstandard2.0/Microsoft.Extensions.Options.dll",
        "lib/netstandard2.0/Microsoft.Extensions.Options.xml",
        "lib/netstandard2.1/Microsoft.Extensions.Options.dll",
        "lib/netstandard2.1/Microsoft.Extensions.Options.xml",
        "microsoft.extensions.options.7.0.0.nupkg.sha512",
        "microsoft.extensions.options.nuspec",
        "useSharedDesignerContext.txt"
      ]
    },
    "Microsoft.Extensions.Primitives/7.0.0": {
      "sha512": "um1KU5kxcRp3CNuI8o/GrZtD4AIOXDk+RLsytjZ9QPok3ttLUelLKpilVPuaFT3TFjOhSibUAso0odbOaCDj3Q==",
      "type": "package",
      "path": "microsoft.extensions.primitives/7.0.0",
      "files": [
        ".nupkg.metadata",
        ".signature.p7s",
        "Icon.png",
        "LICENSE.TXT",
        "THIRD-PARTY-NOTICES.TXT",
        "buildTransitive/net461/Microsoft.Extensions.Primitives.targets",
        "buildTransitive/net462/_._",
        "buildTransitive/net6.0/_._",
        "buildTransitive/netcoreapp2.0/Microsoft.Extensions.Primitives.targets",
        "lib/net462/Microsoft.Extensions.Primitives.dll",
        "lib/net462/Microsoft.Extensions.Primitives.xml",
        "lib/net6.0/Microsoft.Extensions.Primitives.dll",
        "lib/net6.0/Microsoft.Extensions.Primitives.xml",
        "lib/net7.0/Microsoft.Extensions.Primitives.dll",
        "lib/net7.0/Microsoft.Extensions.Primitives.xml",
        "lib/netstandard2.0/Microsoft.Extensions.Primitives.dll",
        "lib/netstandard2.0/Microsoft.Extensions.Primitives.xml",
        "microsoft.extensions.primitives.7.0.0.nupkg.sha512",
        "microsoft.extensions.primitives.nuspec",
        "useSharedDesignerContext.txt"
      ]
    },
    "Microsoft.Maui.Graphics/7.0.59": {
      "sha512": "a5eOfzqeHeERBmQ6g3uU+p4GEwHtBXxQ1s58XIiHCMf/WGCn5HX9z17VLUz6qr2ELVf/BbZ9bFUzVef+kbxkvQ==",
      "type": "package",
      "path": "microsoft.maui.graphics/7.0.59",
      "files": [
        ".nupkg.metadata",
        ".signature.p7s",
        "LICENSE.TXT",
        "THIRD-PARTY-NOTICES.TXT",
        "lib/net7.0-android33.0/Microsoft.Maui.Graphics.dll",
        "lib/net7.0-android33.0/Microsoft.Maui.Graphics.pdb",
        "lib/net7.0-android33.0/Microsoft.Maui.Graphics.xml",
        "lib/net7.0-ios16.1/Microsoft.Maui.Graphics.dll",
        "lib/net7.0-ios16.1/Microsoft.Maui.Graphics.pdb",
        "lib/net7.0-ios16.1/Microsoft.Maui.Graphics.xml",
        "lib/net7.0-maccatalyst16.1/Microsoft.Maui.Graphics.dll",
        "lib/net7.0-maccatalyst16.1/Microsoft.Maui.Graphics.pdb",
        "lib/net7.0-maccatalyst16.1/Microsoft.Maui.Graphics.xml",
        "lib/net7.0-macos13.0/Microsoft.Maui.Graphics.dll",
        "lib/net7.0-macos13.0/Microsoft.Maui.Graphics.pdb",
        "lib/net7.0-macos13.0/Microsoft.Maui.Graphics.xml",
        "lib/net7.0-tizen7.0/Microsoft.Maui.Graphics.dll",
        "lib/net7.0-tizen7.0/Microsoft.Maui.Graphics.pdb",
        "lib/net7.0-tizen7.0/Microsoft.Maui.Graphics.xml",
        "lib/net7.0-windows10.0.19041/Microsoft.Maui.Graphics.dll",
        "lib/net7.0-windows10.0.19041/Microsoft.Maui.Graphics.pdb",
        "lib/net7.0-windows10.0.19041/Microsoft.Maui.Graphics.xml",
        "lib/net7.0-windows10.0.20348/Microsoft.Maui.Graphics.dll",
        "lib/net7.0-windows10.0.20348/Microsoft.Maui.Graphics.pdb",
        "lib/net7.0-windows10.0.20348/Microsoft.Maui.Graphics.xml",
        "lib/net7.0/Microsoft.Maui.Graphics.dll",
        "lib/net7.0/Microsoft.Maui.Graphics.pdb",
        "lib/net7.0/Microsoft.Maui.Graphics.xml",
        "lib/netstandard2.0/Microsoft.Maui.Graphics.dll",
        "lib/netstandard2.0/Microsoft.Maui.Graphics.pdb",
        "lib/netstandard2.0/Microsoft.Maui.Graphics.xml",
        "lib/netstandard2.1/Microsoft.Maui.Graphics.dll",
        "lib/netstandard2.1/Microsoft.Maui.Graphics.pdb",
        "lib/netstandard2.1/Microsoft.Maui.Graphics.xml",
        "microsoft.maui.graphics.7.0.59.nupkg.sha512",
        "microsoft.maui.graphics.nuspec"
      ]
    },
    "MimeTypes/2.4.1": {
      "sha512": "JzVNod8kWKdb1znd/M99EKBf81Er56javH6mqWaj/3bc+dBDMNVCS6hOx7QzWAS0rJhaRsMkIwe6lvLYLd2/9A==",
      "type": "package",
      "path": "mimetypes/2.4.1",
      "files": [
        ".nupkg.metadata",
        ".signature.p7s",
        "contentFiles/cs/net472/MimeTypes.NullableAttributes.cs.pp",
        "contentFiles/cs/netcoreapp3.0/MimeTypes.cs.pp",
        "contentFiles/cs/netstandard2.0/MimeTypes.NullableAttributes.cs.pp",
        "contentFiles/cs/netstandard2.1/MimeTypes.cs.pp",
        "images/nuget-icon.png",
        "mimetypes.2.4.1.nupkg.sha512",
        "mimetypes.nuspec"
      ]
    },
    "Opal/1.3.0": {
      "sha512": "lCPOvbKYk8ZGJX3gxeX9z4QK4/rYYnITkeVfDLf118MoU5QNuHOWJse+RM+NO2oljZZUtOn0KXa59o5FUAmwHw==",
      "type": "package",
      "path": "opal/1.3.0",
      "files": [
        ".nupkg.metadata",
        ".signature.p7s",
        "README.md",
        "lib/net7.0/Opal.dll",
        "opal.1.3.0.nupkg.sha512",
        "opal.nuspec"
      ]
    }
  },
  "projectFileDependencyGroups": {
    "net7.0-maccatalyst16.1": [
      "CommunityToolkit.Maui >= 5.0.0",
      "HtmlAgilityPack >= 1.11.46",
      "LiteDB >= 5.0.16",
      "Microsoft.Extensions.Configuration >= 7.0.0",
      "Microsoft.Extensions.DependencyInjection >= 7.0.0",
      "Microsoft.Extensions.Logging >= 7.0.0",
      "Microsoft.Extensions.Logging.Abstractions >= 7.0.0",
      "Microsoft.Extensions.Logging.Debug >= 7.0.0",
      "Microsoft.Maui.Graphics >= 7.0.59",
      "MimeTypes >= 2.4.1",
      "Opal >= 1.3.0"
    ]
  },
  "packageFolders": {
    "C:\\Users\\aschuhardt\\.nuget\\packages\\": {},
    "C:\\Users\\aschuhardt\\AppData\\Roaming\\Godot\\mono\\GodotNuGetFallbackFolder": {},
    "C:\\Program Files (x86)\\Microsoft Visual Studio\\Shared\\NuGetPackages": {}
  },
  "project": {
    "version": "1.0.0",
    "restore": {
      "projectUniqueName": "C:\\Users\\aschuhardt\\source\\repos\\RosyCrow\\RosyCrow.csproj",
      "projectName": "RosyCrow",
      "projectPath": "C:\\Users\\aschuhardt\\source\\repos\\RosyCrow\\RosyCrow.csproj",
      "packagesPath": "C:\\Users\\aschuhardt\\.nuget\\packages\\",
      "outputPath": "C:\\Users\\aschuhardt\\source\\repos\\RosyCrow",
      "projectStyle": "PackageReference",
      "fallbackFolders": [
        "C:\\Users\\aschuhardt\\AppData\\Roaming\\Godot\\mono\\GodotNuGetFallbackFolder",
        "C:\\Program Files (x86)\\Microsoft Visual Studio\\Shared\\NuGetPackages"
      ],
      "configFilePaths": [
        "C:\\Users\\aschuhardt\\AppData\\Roaming\\NuGet\\NuGet.Config",
        "C:\\Users\\aschuhardt\\AppData\\Roaming\\NuGet\\config\\Godot.Offline.Config",
        "C:\\Program Files (x86)\\NuGet\\Config\\Microsoft.VisualStudio.FallbackLocation.config",
        "C:\\Program Files (x86)\\NuGet\\Config\\Microsoft.VisualStudio.Offline.config"
      ],
      "originalTargetFrameworks": [
        "net7.0-maccatalyst"
      ],
      "sources": {
        "C:\\Program Files (x86)\\Microsoft SDKs\\NuGetPackages\\": {},
        "E:\\LocalNugetRepository": {},
        "https://api.nuget.org/v3/index.json": {}
      },
      "frameworks": {
        "net7.0-maccatalyst16.1": {
          "targetAlias": "net7.0-maccatalyst",
          "projectReferences": {}
        }
      },
      "warningProperties": {
        "warnAsError": [
          "NU1605"
        ]
      }
    },
    "frameworks": {
      "net7.0-maccatalyst16.1": {
        "targetAlias": "net7.0-maccatalyst",
        "dependencies": {
          "CommunityToolkit.Maui": {
            "target": "Package",
            "version": "[5.0.0, )"
          },
          "HtmlAgilityPack": {
            "target": "Package",
            "version": "[1.11.46, )"
          },
          "LiteDB": {
            "target": "Package",
            "version": "[5.0.16, )"
          },
          "Microsoft.Extensions.Configuration": {
            "target": "Package",
            "version": "[7.0.0, )",
            "autoReferenced": true
          },
          "Microsoft.Extensions.DependencyInjection": {
            "target": "Package",
            "version": "[7.0.0, )",
            "autoReferenced": true
          },
          "Microsoft.Extensions.Logging": {
            "target": "Package",
            "version": "[7.0.0, )",
            "autoReferenced": true
          },
          "Microsoft.Extensions.Logging.Abstractions": {
            "target": "Package",
            "version": "[7.0.0, )",
            "autoReferenced": true
          },
          "Microsoft.Extensions.Logging.Debug": {
            "target": "Package",
            "version": "[7.0.0, )"
          },
          "Microsoft.Maui.Graphics": {
            "target": "Package",
            "version": "[7.0.59, )",
            "autoReferenced": true
          },
          "MimeTypes": {
            "include": "Runtime, Build, Native, ContentFiles, Analyzers, BuildTransitive",
            "suppressParent": "All",
            "target": "Package",
            "version": "[2.4.1, )"
          },
          "Opal": {
            "target": "Package",
            "version": "[1.3.0, )"
          }
        },
        "imports": [
          "xamarinios10",
          "net461",
          "net462",
          "net47",
          "net471",
          "net472",
          "net48",
          "net481"
        ],
        "assetTargetFallback": true,
        "warn": true,
        "frameworkReferences": {
          "Microsoft.MacCatalyst": {
            "privateAssets": "all"
          },
          "Microsoft.Maui.Controls": {
            "privateAssets": "all"
          },
          "Microsoft.Maui.Core": {
            "privateAssets": "all"
          },
          "Microsoft.Maui.Essentials": {
            "privateAssets": "all"
          },
          "Microsoft.NETCore.App": {
            "privateAssets": "all"
          }
        },
        "runtimeIdentifierGraphPath": "C:\\Program Files\\dotnet\\sdk\\7.0.202\\RuntimeIdentifierGraph.json"
      }
    },
    "runtimes": {
      "maccatalyst-x64": {
        "#import": []
      }
    }
  }
}